
Microsoft Visual Studio Solution File, Format Version 12.00
# Visual Studio Version 17
VisualStudioVersion = 17.9.34714.143
MinimumVisualStudioVersion = 10.0.40219.1
Project("{9A19103F-16F7-4668-BE54-9A1E7A4F7556}") = "IMDBAPI", "IMDBAPI.csproj", "{594BA42C-9CE3-4D13-BED6-3F8533A08926}"
EndProject
Project("{FAE04EC0-301F-11D3-BF4B-00C04F79EFBC}") = "IMDB.Tests", "..\IMDB.Tests\IMDB.Tests.csproj", "{66E2DCD7-7A41-40E0-BFF8-695BCF96FFAC}"
EndProject
Global
	GlobalSection(SolutionConfigurationPlatforms) = preSolution
		Debug|Any CPU = Debug|Any CPU
		Release|Any CPU = Release|Any CPU
	EndGlobalSection
	GlobalSection(ProjectConfigurationPlatforms) = postSolution
		{594BA42C-9CE3-4D13-BED6-3F8533A08926}.Debug|Any CPU.ActiveCfg = Debug|Any CPU
		{594BA42C-9CE3-4D13-BED6-3F8533A08926}.Debug|Any CPU.Build.0 = Debug|Any CPU
		{594BA42C-9CE3-4D13-BED6-3F8533A08926}.Release|Any CPU.ActiveCfg = Release|Any CPU
		{594BA42C-9CE3-4D13-BED6-3F8533A08926}.Release|Any CPU.Build.0 = Release|Any CPU
		{66E2DCD7-7A41-40E0-BFF8-695BCF96FFAC}.Debug|Any CPU.ActiveCfg = Debug|Any CPU
		{66E2DCD7-7A41-40E0-BFF8-695BCF96FFAC}.Debug|Any CPU.Build.0 = Debug|Any CPU
		{66E2DCD7-7A41-40E0-BFF8-695BCF96FFAC}.Release|Any CPU.ActiveCfg = Release|Any CPU
		{66E2DCD7-7A41-40E0-BFF8-695BCF96FFAC}.Release|Any CPU.Build.0 = Release|Any CPU
	EndGlobalSection
	GlobalSection(SolutionProperties) = preSolution
		HideSolutionNode = FALSE
	EndGlobalSection
	GlobalSection(ExtensibilityGlobals) = postSolution
		SolutionGuid = {53EE6185-0EB0-47AE-BDA8-7EFE0C2FEF96}
	EndGlobalSection
EndGlobal
